
Microsoft Visual Studio Solution File, Format Version 12.00
# Visual Studio 14
VisualStudioVersion = 14.0.23107.0
MinimumVisualStudioVersion = 10.0.40219.1
Project("{FAE04EC0-301F-11D3-BF4B-00C04F79EFBC}") = "STAT312WordAnalyzer", "STAT312WordAnalyzer\STAT312WordAnalyzer.csproj", "{94A15F60-F4CB-4D5F-83D6-0E46F3384499}"
EndProject
Project("{FAE04EC0-301F-11D3-BF4B-00C04F79EFBC}") = "TestBed", "TestBed\TestBed.csproj", "{56B9E0AF-1FC5-4AAC-AFB5-AE9BA1976F10}"
EndProject
Project("{2150E333-8FDC-42A3-9474-1A3956D46DE8}") = "Solution Items", "Solution Items", "{95E29815-0164-4DE9-98B7-ADD57B86B6DE}"
	ProjectSection(SolutionItems) = preProject
		TroubleWords.txt = TroubleWords.txt
	EndProjectSection
EndProject
Project("{FAE04EC0-301F-11D3-BF4B-00C04F79EFBC}") = "MinitabDataGenerationTest", "MinitabDataGenerationTest\MinitabDataGenerationTest.csproj", "{0788DA18-D2D4-4EDC-9AE9-45038F6D3F38}"
EndProject
Project("{FAE04EC0-301F-11D3-BF4B-00C04F79EFBC}") = "WordAnalyzerGUI", "WordAnalyzerGUI\WordAnalyzerGUI.csproj", "{CD55DFA3-E34C-4753-A3C5-9B0DE48D7D4E}"
EndProject
Project("{54435603-DBB4-11D2-8724-00A0C9A8B90C}") = "Setup", "Setup\Setup.vdproj", "{640AA2B6-D11D-4662-B211-63CCF74D96FE}"
EndProject
Global
	GlobalSection(SolutionConfigurationPlatforms) = preSolution
		Debug|Any CPU = Debug|Any CPU
		Release|Any CPU = Release|Any CPU
	EndGlobalSection
	GlobalSection(ProjectConfigurationPlatforms) = postSolution
		{94A15F60-F4CB-4D5F-83D6-0E46F3384499}.Debug|Any CPU.ActiveCfg = Debug|Any CPU
		{94A15F60-F4CB-4D5F-83D6-0E46F3384499}.Debug|Any CPU.Build.0 = Debug|Any CPU
		{94A15F60-F4CB-4D5F-83D6-0E46F3384499}.Release|Any CPU.ActiveCfg = Release|Any CPU
		{94A15F60-F4CB-4D5F-83D6-0E46F3384499}.Release|Any CPU.Build.0 = Release|Any CPU
		{56B9E0AF-1FC5-4AAC-AFB5-AE9BA1976F10}.Debug|Any CPU.ActiveCfg = Debug|Any CPU
		{56B9E0AF-1FC5-4AAC-AFB5-AE9BA1976F10}.Debug|Any CPU.Build.0 = Debug|Any CPU
		{56B9E0AF-1FC5-4AAC-AFB5-AE9BA1976F10}.Release|Any CPU.ActiveCfg = Release|Any CPU
		{56B9E0AF-1FC5-4AAC-AFB5-AE9BA1976F10}.Release|Any CPU.Build.0 = Release|Any CPU
		{0788DA18-D2D4-4EDC-9AE9-45038F6D3F38}.Debug|Any CPU.ActiveCfg = Debug|Any CPU
		{0788DA18-D2D4-4EDC-9AE9-45038F6D3F38}.Debug|Any CPU.Build.0 = Debug|Any CPU
		{0788DA18-D2D4-4EDC-9AE9-45038F6D3F38}.Release|Any CPU.ActiveCfg = Release|Any CPU
		{0788DA18-D2D4-4EDC-9AE9-45038F6D3F38}.Release|Any CPU.Build.0 = Release|Any CPU
		{CD55DFA3-E34C-4753-A3C5-9B0DE48D7D4E}.Debug|Any CPU.ActiveCfg = Debug|Any CPU
		{CD55DFA3-E34C-4753-A3C5-9B0DE48D7D4E}.Debug|Any CPU.Build.0 = Debug|Any CPU
		{CD55DFA3-E34C-4753-A3C5-9B0DE48D7D4E}.Release|Any CPU.ActiveCfg = Release|Any CPU
		{CD55DFA3-E34C-4753-A3C5-9B0DE48D7D4E}.Release|Any CPU.Build.0 = Release|Any CPU
		{640AA2B6-D11D-4662-B211-63CCF74D96FE}.Debug|Any CPU.ActiveCfg = Debug
		{640AA2B6-D11D-4662-B211-63CCF74D96FE}.Release|Any CPU.ActiveCfg = Release
	EndGlobalSection
	GlobalSection(SolutionProperties) = preSolution
		HideSolutionNode = FALSE
	EndGlobalSection
EndGlobal
